
Microsoft Visual Studio Solution File, Format Version 12.00
# Visual Studio Version 16
VisualStudioVersion = 16.0.30413.136
MinimumVisualStudioVersion = 10.0.40219.1
Project("{FAE04EC0-301F-11D3-BF4B-00C04F79EFBC}") = "Assignment2", "Assignment2\Assignment2.csproj", "{A21AB25E-F4C7-47CB-8D48-09A16D0DE588}"
EndProject
Global
	GlobalSection(SolutionConfigurationPlatforms) = preSolution
		Debug|Any CPU = Debug|Any CPU
		Release|Any CPU = Release|Any CPU
	EndGlobalSection
	GlobalSection(ProjectConfigurationPlatforms) = postSolution
		{A21AB25E-F4C7-47CB-8D48-09A16D0DE588}.Debug|Any CPU.ActiveCfg = Debug|Any CPU
		{A21AB25E-F4C7-47CB-8D48-09A16D0DE588}.Debug|Any CPU.Build.0 = Debug|Any CPU
		{A21AB25E-F4C7-47CB-8D48-09A16D0DE588}.Release|Any CPU.ActiveCfg = Release|Any CPU
		{A21AB25E-F4C7-47CB-8D48-09A16D0DE588}.Release|Any CPU.Build.0 = Release|Any CPU
	EndGlobalSection
	GlobalSection(SolutionProperties) = preSolution
		HideSolutionNode = FALSE
	EndGlobalSection
	GlobalSection(ExtensibilityGlobals) = postSolution
		SolutionGuid = {61B5B19E-208A-4CAE-B981-0EE45E0702F4}
	EndGlobalSection
EndGlobal
